<?xml version="1.0" encoding="utf-8"?>
<Project ToolsVersion="4.0" xmlns="http://schemas.microsoft.com/developer/msbuild/2003">
  <ItemGroup>
    <Filter Include="Source Files">
      <UniqueIdentifier>{4FC737F1-C7A5-4376-A066-2A32D752A2FF}</UniqueIdentifier>
      <Extensions>cpp;c;cc;cxx;def;odl;idl;hpj;bat;asm;asmx</Extensions>
    </Filter>
    <Filter Include="Header Files">
      <UniqueIdentifier>{93995380-89BD-4b04-88EB-625FBE52EBFB}</UniqueIdentifier>
      <Extensions>h;hpp;hxx;hm;inl;inc;xsd</Extensions>
    </Filter>
    <Filter Include="Resource Files">
      <UniqueIdentifier>{67DA6AB6-F800-4c08-8B7A-83BB121AAD01}</UniqueIdentifier>
      <Extensions>rc;ico;cur;bmp;dlg;rc2;rct;bin;rgs;gif;jpg;jpeg;jpe;resx;tiff;tif;png;wav;mfcribbon-ms</Extensions>
    </Filter>
    <Filter Include="Shared">
      <UniqueIdentifier>{7f88225c-35ff-498e-a402-49bc456952b5}</UniqueIdentifier>
    </Filter>
  </ItemGroup>
  <ItemGroup>
    <None Include="LegacyUpdate.def">
      <Filter>Source Files</Filter>
    </None>
    <None Include="icon.ico">
      <Filter>Resource Files</Filter>
    </None>
    <None Include="LegacyUpdate.rgs">
      <Filter>Resource Files</Filter>
    </None>
    <None Include="LegacyUpdateCtrl.rgs">
      <Filter>Resource Files</Filter>
    </None>
    <None Include="ProgressBarControl.rgs">
      <Filter>Resource Files</Filter>
    </None>
    <None Include="ProgressBarControl.html" />
    <None Include="ElevationHelper.rgs">
      <Filter>Resource Files</Filter>
    </None>
  </ItemGroup>
  <ItemGroup>
    <ClCompile Include="stdafx.cpp">
      <Filter>Source Files</Filter>
    </ClCompile>
    <ClCompile Include="LegacyUpdateCtrl.cpp">
      <Filter>Source Files</Filter>
    </ClCompile>
    <ClCompile Include="Utils.cpp">
      <Filter>Source Files</Filter>
    </ClCompile>
    <ClCompile Include="LaunchUpdateSite.cpp">
      <Filter>Source Files</Filter>
    </ClCompile>
    <ClCompile Include="Compat.cpp">
      <Filter>Source Files</Filter>
    </ClCompile>
    <ClCompile Include="dlldatax.c">
      <Filter>Source Files</Filter>
    </ClCompile>
    <ClCompile Include="dllmain.cpp">
      <Filter>Source Files</Filter>
    </ClCompile>
    <ClCompile Include="LegacyUpdate_i.c">
      <Filter>Source Files</Filter>
    </ClCompile>
    <ClCompile Include="ProgressBarControl.cpp">
      <Filter>Source Files</Filter>
    </ClCompile>
    <ClCompile Include="ElevationHelper.cpp">
      <Filter>Source Files</Filter>
    </ClCompile>
    <ClCompile Include="..\shared\WMI.c">
      <Filter>Shared</Filter>
    </ClCompile>
    <ClCompile Include="..\shared\Registry.c">
      <Filter>Shared</Filter>
    </ClCompile>
    <ClCompile Include="..\shared\VersionInfo.c">
      <Filter>Shared</Filter>
    </ClCompile>
    <ClCompile Include="..\shared\HResult.c">
      <Filter>Shared</Filter>
    </ClCompile>
    <ClCompile Include="..\shared\Wow64.c">
      <Filter>Shared</Filter>
    </ClCompile>
    <ClCompile Include="..\shared\Exec.c">
      <Filter>Shared</Filter>
    </ClCompile>
    <ClCompile Include="..\shared\LegacyUpdate.c">
      <Filter>Shared</Filter>
    </ClCompile>
  </ItemGroup>
  <ItemGroup>
    <ClInclude Include="stdafx.h">
      <Filter>Header Files</Filter>
    </ClInclude>
    <ClInclude Include="targetver.h">
      <Filter>Header Files</Filter>
    </ClInclude>
    <ClInclude Include="Resource.h">
      <Filter>Header Files</Filter>
    </ClInclude>
    <ClInclude Include="LegacyUpdateCtrl.h">
      <Filter>Header Files</Filter>
    </ClInclude>
    <ClInclude Include="Utils.h">
      <Filter>Header Files</Filter>
    </ClInclude>
    <ClInclude Include="LaunchUpdateSite.h">
      <Filter>Header Files</Filter>
    </ClInclude>
    <ClInclude Include="Compat.h">
      <Filter>Header Files</Filter>
    </ClInclude>
    <ClInclude Include="dlldatax.h">
      <Filter>Header Files</Filter>
    </ClInclude>
    <ClInclude Include="dllmain.h">
      <Filter>Header Files</Filter>
    </ClInclude>
    <ClInclude Include="LegacyUpdate_i.h">
      <Filter>Header Files</Filter>
    </ClInclude>
    <ClInclude Include="ProgressBarControl.h">
      <Filter>Header Files</Filter>
    </ClInclude>
    <ClInclude Include="ElevationHelper.h">
      <Filter>Header Files</Filter>
    </ClInclude>
    <ClInclude Include="..\shared\WMI.h">
      <Filter>Shared</Filter>
    </ClInclude>
    <ClInclude Include="..\shared\VersionInfo.h">
      <Filter>Shared</Filter>
    </ClInclude>
    <ClInclude Include="..\shared\HResult.h">
      <Filter>Shared</Filter>
    </ClInclude>
    <ClInclude Include="..\include\wuerror.h">
      <Filter>Shared</Filter>
    </ClInclude>
    <ClInclude Include="IUpdateInstaller4.h">
      <Filter>Header Files</Filter>
    </ClInclude>
    <ClInclude Include="..\shared\Exec.h">
      <Filter>Shared</Filter>
    </ClInclude>
    <ClInclude Include="..\shared\Wow64.h">
      <Filter>Shared</Filter>
    </ClInclude>
    <ClInclude Include="..\shared\LegacyUpdate.h">
      <Filter>Shared</Filter>
    </ClInclude>
  </ItemGroup>
  <ItemGroup>
    <ResourceCompile Include="LegacyUpdate.rc">
      <Filter>Resource Files</Filter>
    </ResourceCompile>
  </ItemGroup>
  <ItemGroup>
    <Midl Include="LegacyUpdate.idl">
      <Filter>Source Files</Filter>
    </Midl>
    <Midl Include="wuapi.idl">
      <Filter>Source Files</Filter>
    </Midl>
  </ItemGroup>
  <ItemGroup>
    <CustomBuild Include="wuerror.mc">
      <Filter>Resource Files</Filter>
    </CustomBuild>
  </ItemGroup>
</Project>