
Microsoft Visual Studio Solution File, Format Version 11.00
# Visual Studio 2010
Project("{8BC9CEB8-8B4A-11D0-8D11-00A0C91BC942}") = "LegacyUpdateOCX", "LegacyUpdateOCX\LegacyUpdateOCX.vcxproj", "{95F3E1A1-5DDA-4C4D-B52B-981D46E6C98B}"
EndProject
Global
	GlobalSection(SolutionConfigurationPlatforms) = preSolution
		Debug|Win32 = Debug|Win32
		Release|Win32 = Release|Win32
	EndGlobalSection
	GlobalSection(ProjectConfigurationPlatforms) = postSolution
		{95F3E1A1-5DDA-4C4D-B52B-981D46E6C98B}.Debug|Win32.ActiveCfg = Debug|Win32
		{95F3E1A1-5DDA-4C4D-B52B-981D46E6C98B}.Debug|Win32.Build.0 = Debug|Win32
		{95F3E1A1-5DDA-4C4D-B52B-981D46E6C98B}.Release|Win32.ActiveCfg = Release|Win32
		{95F3E1A1-5DDA-4C4D-B52B-981D46E6C98B}.Release|Win32.Build.0 = Release|Win32
	EndGlobalSection
	GlobalSection(SolutionProperties) = preSolution
		HideSolutionNode = FALSE
	EndGlobalSection
EndGlobal
